
Microsoft Visual Studio Solution File, Format Version 12.00
# Visual Studio 15
VisualStudioVersion = 15.0.28010.2026
MinimumVisualStudioVersion = 10.0.40219.1
Project("{FAE04EC0-301F-11D3-BF4B-00C04F79EFBC}") = "RegisterLoginApplication", "RegisterLoginApplication\RegisterLoginApplication.csproj", "{B19EC55E-2D0D-44FF-9587-6EE95C54E77E}"
EndProject
Global
	GlobalSection(SolutionConfigurationPlatforms) = preSolution
		Debug|Any CPU = Debug|Any CPU
		Release|Any CPU = Release|Any CPU
	EndGlobalSection
	GlobalSection(ProjectConfigurationPlatforms) = postSolution
		{B19EC55E-2D0D-44FF-9587-6EE95C54E77E}.Debug|Any CPU.ActiveCfg = Debug|Any CPU
		{B19EC55E-2D0D-44FF-9587-6EE95C54E77E}.Debug|Any CPU.Build.0 = Debug|Any CPU
		{B19EC55E-2D0D-44FF-9587-6EE95C54E77E}.Release|Any CPU.ActiveCfg = Release|Any CPU
		{B19EC55E-2D0D-44FF-9587-6EE95C54E77E}.Release|Any CPU.Build.0 = Release|Any CPU
	EndGlobalSection
	GlobalSection(SolutionProperties) = preSolution
		HideSolutionNode = FALSE
	EndGlobalSection
	GlobalSection(ExtensibilityGlobals) = postSolution
		SolutionGuid = {E6C5C1D2-2FF9-4A0F-89C2-152A018C8049}
	EndGlobalSection
EndGlobal
